
Microsoft Visual Studio Solution File, Format Version 12.00
# Visual Studio Version 17
VisualStudioVersion = 17.6.33829.357
MinimumVisualStudioVersion = 10.0.40219.1
Project("{FAE04EC0-301F-11D3-BF4B-00C04F79EFBC}") = "appInsperity", "appInsperity\appInsperity.csproj", "{CC9A54F5-4958-4CE8-AB71-94F2026736AB}"
EndProject
Project("{FAE04EC0-301F-11D3-BF4B-00C04F79EFBC}") = "appInsperityTests", "appInsperityTests\appInsperityTests.csproj", "{CE92CB17-A859-46DF-8794-4A2C11894994}"
EndProject
Global
	GlobalSection(SolutionConfigurationPlatforms) = preSolution
		Debug|Any CPU = Debug|Any CPU
		Release|Any CPU = Release|Any CPU
	EndGlobalSection
	GlobalSection(ProjectConfigurationPlatforms) = postSolution
		{CC9A54F5-4958-4CE8-AB71-94F2026736AB}.Debug|Any CPU.ActiveCfg = Debug|Any CPU
		{CC9A54F5-4958-4CE8-AB71-94F2026736AB}.Debug|Any CPU.Build.0 = Debug|Any CPU
		{CC9A54F5-4958-4CE8-AB71-94F2026736AB}.Release|Any CPU.ActiveCfg = Release|Any CPU
		{CC9A54F5-4958-4CE8-AB71-94F2026736AB}.Release|Any CPU.Build.0 = Release|Any CPU
		{CE92CB17-A859-46DF-8794-4A2C11894994}.Debug|Any CPU.ActiveCfg = Debug|Any CPU
		{CE92CB17-A859-46DF-8794-4A2C11894994}.Debug|Any CPU.Build.0 = Debug|Any CPU
		{CE92CB17-A859-46DF-8794-4A2C11894994}.Release|Any CPU.ActiveCfg = Release|Any CPU
		{CE92CB17-A859-46DF-8794-4A2C11894994}.Release|Any CPU.Build.0 = Release|Any CPU
	EndGlobalSection
	GlobalSection(SolutionProperties) = preSolution
		HideSolutionNode = FALSE
	EndGlobalSection
	GlobalSection(ExtensibilityGlobals) = postSolution
		SolutionGuid = {FD3D8688-2BF3-477C-ABE9-9914258CF3E6}
	EndGlobalSection
EndGlobal
